
Microsoft Visual Studio Solution File, Format Version 12.00
# Visual Studio Version 17
VisualStudioVersion = 17.11.35327.3
MinimumVisualStudioVersion = 10.0.40219.1
Project("{FAE04EC0-301F-11D3-BF4B-00C04F79EFBC}") = "SignInWindows", "SignInWindows.csproj", "{EA2621E9-A52E-402F-9918-B647E4236FEA}"
EndProject
Global
	GlobalSection(SolutionConfigurationPlatforms) = preSolution
		Debug|Any CPU = Debug|Any CPU
		Release|Any CPU = Release|Any CPU
	EndGlobalSection
	GlobalSection(ProjectConfigurationPlatforms) = postSolution
		{EA2621E9-A52E-402F-9918-B647E4236FEA}.Debug|Any CPU.ActiveCfg = Debug|Any CPU
		{EA2621E9-A52E-402F-9918-B647E4236FEA}.Debug|Any CPU.Build.0 = Debug|Any CPU
		{EA2621E9-A52E-402F-9918-B647E4236FEA}.Release|Any CPU.ActiveCfg = Release|Any CPU
		{EA2621E9-A52E-402F-9918-B647E4236FEA}.Release|Any CPU.Build.0 = Release|Any CPU
	EndGlobalSection
	GlobalSection(SolutionProperties) = preSolution
		HideSolutionNode = FALSE
	EndGlobalSection
	GlobalSection(ExtensibilityGlobals) = postSolution
		SolutionGuid = {BE7B6492-93AB-4170-BAFC-E2A8AD93850B}
	EndGlobalSection
EndGlobal
